
Microsoft Visual Studio Solution File, Format Version 12.00
# Visual Studio 15
VisualStudioVersion = 15.0.28010.2041
MinimumVisualStudioVersion = 10.0.40219.1
Project("{FAE04EC0-301F-11D3-BF4B-00C04F79EFBC}") = "StylingDemo.Android", "StylingDemo\StylingDemo.Android\StylingDemo.Android.csproj", "{ED2B1F6E-2C68-47CC-81F6-34AF28EE76A6}"
EndProject
Project("{FAE04EC0-301F-11D3-BF4B-00C04F79EFBC}") = "StylingDemo.iOS", "StylingDemo\StylingDemo.iOS\StylingDemo.iOS.csproj", "{08AA720E-F5A2-4B48-9281-B2BCBBA30492}"
EndProject
Project("{FAE04EC0-301F-11D3-BF4B-00C04F79EFBC}") = "StylingDemo", "StylingDemo\StylingDemo\StylingDemo.csproj", "{CACE94D1-50DD-4362-AB15-AAE615BDDBC0}"
EndProject
Global
	GlobalSection(SolutionConfigurationPlatforms) = preSolution
		Ad-Hoc|Any CPU = Ad-Hoc|Any CPU
		Ad-Hoc|iPhone = Ad-Hoc|iPhone
		Ad-Hoc|iPhoneSimulator = Ad-Hoc|iPhoneSimulator
		AppStore|Any CPU = AppStore|Any CPU
		AppStore|iPhone = AppStore|iPhone
		AppStore|iPhoneSimulator = AppStore|iPhoneSimulator
		Debug|Any CPU = Debug|Any CPU
		Debug|iPhone = Debug|iPhone
		Debug|iPhoneSimulator = Debug|iPhoneSimulator
		Release|Any CPU = Release|Any CPU
		Release|iPhone = Release|iPhone
		Release|iPhoneSimulator = Release|iPhoneSimulator
	EndGlobalSection
	GlobalSection(ProjectConfigurationPlatforms) = postSolution
		{ED2B1F6E-2C68-47CC-81F6-34AF28EE76A6}.Ad-Hoc|Any CPU.ActiveCfg = Release|Any CPU
		{ED2B1F6E-2C68-47CC-81F6-34AF28EE76A6}.Ad-Hoc|Any CPU.Build.0 = Release|Any CPU
		{ED2B1F6E-2C68-47CC-81F6-34AF28EE76A6}.Ad-Hoc|Any CPU.Deploy.0 = Release|Any CPU
		{ED2B1F6E-2C68-47CC-81F6-34AF28EE76A6}.Ad-Hoc|iPhone.ActiveCfg = Release|Any CPU
		{ED2B1F6E-2C68-47CC-81F6-34AF28EE76A6}.Ad-Hoc|iPhone.Build.0 = Release|Any CPU
		{ED2B1F6E-2C68-47CC-81F6-34AF28EE76A6}.Ad-Hoc|iPhone.Deploy.0 = Release|Any CPU
		{ED2B1F6E-2C68-47CC-81F6-34AF28EE76A6}.Ad-Hoc|iPhoneSimulator.ActiveCfg = Release|Any CPU
		{ED2B1F6E-2C68-47CC-81F6-34AF28EE76A6}.Ad-Hoc|iPhoneSimulator.Build.0 = Release|Any CPU
		{ED2B1F6E-2C68-47CC-81F6-34AF28EE76A6}.Ad-Hoc|iPhoneSimulator.Deploy.0 = Release|Any CPU
		{ED2B1F6E-2C68-47CC-81F6-34AF28EE76A6}.AppStore|Any CPU.ActiveCfg = Release|Any CPU
		{ED2B1F6E-2C68-47CC-81F6-34AF28EE76A6}.AppStore|Any CPU.Build.0 = Release|Any CPU
		{ED2B1F6E-2C68-47CC-81F6-34AF28EE76A6}.AppStore|Any CPU.Deploy.0 = Release|Any CPU
		{ED2B1F6E-2C68-47CC-81F6-34AF28EE76A6}.AppStore|iPhone.ActiveCfg = Release|Any CPU
		{ED2B1F6E-2C68-47CC-81F6-34AF28EE76A6}.AppStore|iPhone.Build.0 = Release|Any CPU
		{ED2B1F6E-2C68-47CC-81F6-34AF28EE76A6}.AppStore|iPhone.Deploy.0 = Release|Any CPU
		{ED2B1F6E-2C68-47CC-81F6-34AF28EE76A6}.AppStore|iPhoneSimulator.ActiveCfg = Release|Any CPU
		{ED2B1F6E-2C68-47CC-81F6-34AF28EE76A6}.AppStore|iPhoneSimulator.Build.0 = Release|Any CPU
		{ED2B1F6E-2C68-47CC-81F6-34AF28EE76A6}.AppStore|iPhoneSimulator.Deploy.0 = Release|Any CPU
		{ED2B1F6E-2C68-47CC-81F6-34AF28EE76A6}.Debug|Any CPU.ActiveCfg = Debug|Any CPU
		{ED2B1F6E-2C68-47CC-81F6-34AF28EE76A6}.Debug|Any CPU.Build.0 = Debug|Any CPU
		{ED2B1F6E-2C68-47CC-81F6-34AF28EE76A6}.Debug|Any CPU.Deploy.0 = Debug|Any CPU
		{ED2B1F6E-2C68-47CC-81F6-34AF28EE76A6}.Debug|iPhone.ActiveCfg = Debug|Any CPU
		{ED2B1F6E-2C68-47CC-81F6-34AF28EE76A6}.Debug|iPhone.Build.0 = Debug|Any CPU
		{ED2B1F6E-2C68-47CC-81F6-34AF28EE76A6}.Debug|iPhone.Deploy.0 = Debug|Any CPU
		{ED2B1F6E-2C68-47CC-81F6-34AF28EE76A6}.Debug|iPhoneSimulator.ActiveCfg = Debug|Any CPU
		{ED2B1F6E-2C68-47CC-81F6-34AF28EE76A6}.Debug|iPhoneSimulator.Build.0 = Debug|Any CPU
		{ED2B1F6E-2C68-47CC-81F6-34AF28EE76A6}.Debug|iPhoneSimulator.Deploy.0 = Debug|Any CPU
		{ED2B1F6E-2C68-47CC-81F6-34AF28EE76A6}.Release|Any CPU.ActiveCfg = Release|Any CPU
		{ED2B1F6E-2C68-47CC-81F6-34AF28EE76A6}.Release|Any CPU.Build.0 = Release|Any CPU
		{ED2B1F6E-2C68-47CC-81F6-34AF28EE76A6}.Release|Any CPU.Deploy.0 = Release|Any CPU
		{ED2B1F6E-2C68-47CC-81F6-34AF28EE76A6}.Release|iPhone.ActiveCfg = Release|Any CPU
		{ED2B1F6E-2C68-47CC-81F6-34AF28EE76A6}.Release|iPhone.Build.0 = Release|Any CPU
		{ED2B1F6E-2C68-47CC-81F6-34AF28EE76A6}.Release|iPhone.Deploy.0 = Release|Any CPU
		{ED2B1F6E-2C68-47CC-81F6-34AF28EE76A6}.Release|iPhoneSimulator.ActiveCfg = Release|Any CPU
		{ED2B1F6E-2C68-47CC-81F6-34AF28EE76A6}.Release|iPhoneSimulator.Build.0 = Release|Any CPU
		{ED2B1F6E-2C68-47CC-81F6-34AF28EE76A6}.Release|iPhoneSimulator.Deploy.0 = Release|Any CPU
		{08AA720E-F5A2-4B48-9281-B2BCBBA30492}.Ad-Hoc|Any CPU.ActiveCfg = Ad-Hoc|iPhone
		{08AA720E-F5A2-4B48-9281-B2BCBBA30492}.Ad-Hoc|Any CPU.Build.0 = Ad-Hoc|iPhone
		{08AA720E-F5A2-4B48-9281-B2BCBBA30492}.Ad-Hoc|Any CPU.Deploy.0 = Ad-Hoc|iPhone
		{08AA720E-F5A2-4B48-9281-B2BCBBA30492}.Ad-Hoc|iPhone.ActiveCfg = Ad-Hoc|iPhone
		{08AA720E-F5A2-4B48-9281-B2BCBBA30492}.Ad-Hoc|iPhone.Build.0 = Ad-Hoc|iPhone
		{08AA720E-F5A2-4B48-9281-B2BCBBA30492}.Ad-Hoc|iPhone.Deploy.0 = Ad-Hoc|iPhone
		{08AA720E-F5A2-4B48-9281-B2BCBBA30492}.Ad-Hoc|iPhoneSimulator.ActiveCfg = Ad-Hoc|iPhoneSimulator
		{08AA720E-F5A2-4B48-9281-B2BCBBA30492}.Ad-Hoc|iPhoneSimulator.Build.0 = Ad-Hoc|iPhoneSimulator
		{08AA720E-F5A2-4B48-9281-B2BCBBA30492}.Ad-Hoc|iPhoneSimulator.Deploy.0 = Ad-Hoc|iPhoneSimulator
		{08AA720E-F5A2-4B48-9281-B2BCBBA30492}.AppStore|Any CPU.ActiveCfg = AppStore|iPhone
		{08AA720E-F5A2-4B48-9281-B2BCBBA30492}.AppStore|Any CPU.Build.0 = AppStore|iPhone
		{08AA720E-F5A2-4B48-9281-B2BCBBA30492}.AppStore|Any CPU.Deploy.0 = AppStore|iPhone
		{08AA720E-F5A2-4B48-9281-B2BCBBA30492}.AppStore|iPhone.ActiveCfg = AppStore|iPhone
		{08AA720E-F5A2-4B48-9281-B2BCBBA30492}.AppStore|iPhone.Build.0 = AppStore|iPhone
		{08AA720E-F5A2-4B48-9281-B2BCBBA30492}.AppStore|iPhone.Deploy.0 = AppStore|iPhone
		{08AA720E-F5A2-4B48-9281-B2BCBBA30492}.AppStore|iPhoneSimulator.ActiveCfg = AppStore|iPhoneSimulator
		{08AA720E-F5A2-4B48-9281-B2BCBBA30492}.AppStore|iPhoneSimulator.Build.0 = AppStore|iPhoneSimulator
		{08AA720E-F5A2-4B48-9281-B2BCBBA30492}.AppStore|iPhoneSimulator.Deploy.0 = AppStore|iPhoneSimulator
		{08AA720E-F5A2-4B48-9281-B2BCBBA30492}.Debug|Any CPU.ActiveCfg = Debug|iPhoneSimulator
		{08AA720E-F5A2-4B48-9281-B2BCBBA30492}.Debug|Any CPU.Build.0 = Debug|iPhoneSimulator
		{08AA720E-F5A2-4B48-9281-B2BCBBA30492}.Debug|Any CPU.Deploy.0 = Debug|iPhoneSimulator
		{08AA720E-F5A2-4B48-9281-B2BCBBA30492}.Debug|iPhone.ActiveCfg = Debug|iPhone
		{08AA720E-F5A2-4B48-9281-B2BCBBA30492}.Debug|iPhone.Build.0 = Debug|iPhone
		{08AA720E-F5A2-4B48-9281-B2BCBBA30492}.Debug|iPhone.Deploy.0 = Debug|iPhone
		{08AA720E-F5A2-4B48-9281-B2BCBBA30492}.Debug|iPhoneSimulator.ActiveCfg = Debug|iPhoneSimulator
		{08AA720E-F5A2-4B48-9281-B2BCBBA30492}.Debug|iPhoneSimulator.Build.0 = Debug|iPhoneSimulator
		{08AA720E-F5A2-4B48-9281-B2BCBBA30492}.Debug|iPhoneSimulator.Deploy.0 = Debug|iPhoneSimulator
		{08AA720E-F5A2-4B48-9281-B2BCBBA30492}.Release|Any CPU.ActiveCfg = Release|iPhone
		{08AA720E-F5A2-4B48-9281-B2BCBBA30492}.Release|Any CPU.Build.0 = Release|iPhone
		{08AA720E-F5A2-4B48-9281-B2BCBBA30492}.Release|Any CPU.Deploy.0 = Release|iPhone
		{08AA720E-F5A2-4B48-9281-B2BCBBA30492}.Release|iPhone.ActiveCfg = Release|iPhone
		{08AA720E-F5A2-4B48-9281-B2BCBBA30492}.Release|iPhone.Build.0 = Release|iPhone
		{08AA720E-F5A2-4B48-9281-B2BCBBA30492}.Release|iPhone.Deploy.0 = Release|iPhone
		{08AA720E-F5A2-4B48-9281-B2BCBBA30492}.Release|iPhoneSimulator.ActiveCfg = Release|iPhoneSimulator
		{08AA720E-F5A2-4B48-9281-B2BCBBA30492}.Release|iPhoneSimulator.Build.0 = Release|iPhoneSimulator
		{08AA720E-F5A2-4B48-9281-B2BCBBA30492}.Release|iPhoneSimulator.Deploy.0 = Release|iPhoneSimulator
		{CACE94D1-50DD-4362-AB15-AAE615BDDBC0}.Ad-Hoc|Any CPU.ActiveCfg = Debug|Any CPU
		{CACE94D1-50DD-4362-AB15-AAE615BDDBC0}.Ad-Hoc|Any CPU.Build.0 = Debug|Any CPU
		{CACE94D1-50DD-4362-AB15-AAE615BDDBC0}.Ad-Hoc|Any CPU.Deploy.0 = Debug|Any CPU
		{CACE94D1-50DD-4362-AB15-AAE615BDDBC0}.Ad-Hoc|iPhone.ActiveCfg = Debug|Any CPU
		{CACE94D1-50DD-4362-AB15-AAE615BDDBC0}.Ad-Hoc|iPhone.Build.0 = Debug|Any CPU
		{CACE94D1-50DD-4362-AB15-AAE615BDDBC0}.Ad-Hoc|iPhone.Deploy.0 = Debug|Any CPU
		{CACE94D1-50DD-4362-AB15-AAE615BDDBC0}.Ad-Hoc|iPhoneSimulator.ActiveCfg = Debug|Any CPU
		{CACE94D1-50DD-4362-AB15-AAE615BDDBC0}.Ad-Hoc|iPhoneSimulator.Build.0 = Debug|Any CPU
		{CACE94D1-50DD-4362-AB15-AAE615BDDBC0}.Ad-Hoc|iPhoneSimulator.Deploy.0 = Debug|Any CPU
		{CACE94D1-50DD-4362-AB15-AAE615BDDBC0}.AppStore|Any CPU.ActiveCfg = Debug|Any CPU
		{CACE94D1-50DD-4362-AB15-AAE615BDDBC0}.AppStore|Any CPU.Build.0 = Debug|Any CPU
		{CACE94D1-50DD-4362-AB15-AAE615BDDBC0}.AppStore|Any CPU.Deploy.0 = Debug|Any CPU
		{CACE94D1-50DD-4362-AB15-AAE615BDDBC0}.AppStore|iPhone.ActiveCfg = Debug|Any CPU
		{CACE94D1-50DD-4362-AB15-AAE615BDDBC0}.AppStore|iPhone.Build.0 = Debug|Any CPU
		{CACE94D1-50DD-4362-AB15-AAE615BDDBC0}.AppStore|iPhone.Deploy.0 = Debug|Any CPU
		{CACE94D1-50DD-4362-AB15-AAE615BDDBC0}.AppStore|iPhoneSimulator.ActiveCfg = Debug|Any CPU
		{CACE94D1-50DD-4362-AB15-AAE615BDDBC0}.AppStore|iPhoneSimulator.Build.0 = Debug|Any CPU
		{CACE94D1-50DD-4362-AB15-AAE615BDDBC0}.AppStore|iPhoneSimulator.Deploy.0 = Debug|Any CPU
		{CACE94D1-50DD-4362-AB15-AAE615BDDBC0}.Debug|Any CPU.ActiveCfg = Debug|Any CPU
		{CACE94D1-50DD-4362-AB15-AAE615BDDBC0}.Debug|Any CPU.Build.0 = Debug|Any CPU
		{CACE94D1-50DD-4362-AB15-AAE615BDDBC0}.Debug|Any CPU.Deploy.0 = Debug|Any CPU
		{CACE94D1-50DD-4362-AB15-AAE615BDDBC0}.Debug|iPhone.ActiveCfg = Debug|Any CPU
		{CACE94D1-50DD-4362-AB15-AAE615BDDBC0}.Debug|iPhone.Build.0 = Debug|Any CPU
		{CACE94D1-50DD-4362-AB15-AAE615BDDBC0}.Debug|iPhone.Deploy.0 = Debug|Any CPU
		{CACE94D1-50DD-4362-AB15-AAE615BDDBC0}.Debug|iPhoneSimulator.ActiveCfg = Debug|Any CPU
		{CACE94D1-50DD-4362-AB15-AAE615BDDBC0}.Debug|iPhoneSimulator.Build.0 = Debug|Any CPU
		{CACE94D1-50DD-4362-AB15-AAE615BDDBC0}.Debug|iPhoneSimulator.Deploy.0 = Debug|Any CPU
		{CACE94D1-50DD-4362-AB15-AAE615BDDBC0}.Release|Any CPU.ActiveCfg = Release|Any CPU
		{CACE94D1-50DD-4362-AB15-AAE615BDDBC0}.Release|Any CPU.Build.0 = Release|Any CPU
		{CACE94D1-50DD-4362-AB15-AAE615BDDBC0}.Release|Any CPU.Deploy.0 = Release|Any CPU
		{CACE94D1-50DD-4362-AB15-AAE615BDDBC0}.Release|iPhone.ActiveCfg = Release|Any CPU
		{CACE94D1-50DD-4362-AB15-AAE615BDDBC0}.Release|iPhone.Build.0 = Release|Any CPU
		{CACE94D1-50DD-4362-AB15-AAE615BDDBC0}.Release|iPhone.Deploy.0 = Release|Any CPU
		{CACE94D1-50DD-4362-AB15-AAE615BDDBC0}.Release|iPhoneSimulator.ActiveCfg = Release|Any CPU
		{CACE94D1-50DD-4362-AB15-AAE615BDDBC0}.Release|iPhoneSimulator.Build.0 = Release|Any CPU
		{CACE94D1-50DD-4362-AB15-AAE615BDDBC0}.Release|iPhoneSimulator.Deploy.0 = Release|Any CPU
	EndGlobalSection
	GlobalSection(SolutionProperties) = preSolution
		HideSolutionNode = FALSE
	EndGlobalSection
	GlobalSection(ExtensibilityGlobals) = postSolution
		SolutionGuid = {CBBE1F5E-301F-4396-B02F-8DE552DB78DE}
	EndGlobalSection
EndGlobal
